
Microsoft Visual Studio Solution File, Format Version 12.00
# Visual Studio 15
VisualStudioVersion = 15.0.28307.852
MinimumVisualStudioVersion = 10.0.40219.1
Project("{FAE04EC0-301F-11D3-BF4B-00C04F79EFBC}") = "MarketOtomasyonu", "MarketOtomasyonu\MarketOtomasyonu.csproj", "{3F53F485-0F36-4FDF-8317-4FD779A4C252}"
EndProject
Global
	GlobalSection(SolutionConfigurationPlatforms) = preSolution
		Debug|Any CPU = Debug|Any CPU
		Release|Any CPU = Release|Any CPU
	EndGlobalSection
	GlobalSection(ProjectConfigurationPlatforms) = postSolution
		{3F53F485-0F36-4FDF-8317-4FD779A4C252}.Debug|Any CPU.ActiveCfg = Debug|Any CPU
		{3F53F485-0F36-4FDF-8317-4FD779A4C252}.Debug|Any CPU.Build.0 = Debug|Any CPU
		{3F53F485-0F36-4FDF-8317-4FD779A4C252}.Release|Any CPU.ActiveCfg = Release|Any CPU
		{3F53F485-0F36-4FDF-8317-4FD779A4C252}.Release|Any CPU.Build.0 = Release|Any CPU
	EndGlobalSection
	GlobalSection(SolutionProperties) = preSolution
		HideSolutionNode = FALSE
	EndGlobalSection
	GlobalSection(ExtensibilityGlobals) = postSolution
		SolutionGuid = {F93883C5-E207-4634-9188-0B1324E2B4B6}
	EndGlobalSection
EndGlobal
